// !$*UTF8*$!
{
	archiveVersion = 1;
	classes = {
	};
	objectVersion = 51;
	objects = {

/* Begin PBXBuildFile section */
		2C65569C5C123FD258F87BDC /* Pods_MippeumCalcuratorRx_MippeumCalcuratorRxUITests.framework in Frameworks */ = {isa = PBXBuildFile; fileRef = C74AA63E22A3985BE07220B3 /* Pods_MippeumCalcuratorRx_MippeumCalcuratorRxUITests.framework */; };
		335F4F7FADD7C5107EAB0757 /* Pods_MippeumCalcuratorRxTests.framework in Frameworks */ = {isa = PBXBuildFile; fileRef = C70F645D2F93D9934C0888FC /* Pods_MippeumCalcuratorRxTests.framework */; };
		64331C6624C673FA008EFAAA /* DBOrder.swift in Sources */ = {isa = PBXBuildFile; fileRef = 64331C6524C673FA008EFAAA /* DBOrder.swift */; };
		64331C6E24C67943008EFAAA /* DBOrderList.swift in Sources */ = {isa = PBXBuildFile; fileRef = 64331C6D24C67942008EFAAA /* DBOrderList.swift */; };
		64331C7024C679A1008EFAAA /* DBProducts.swift in Sources */ = {isa = PBXBuildFile; fileRef = 64331C6F24C679A1008EFAAA /* DBProducts.swift */; };
		64331C7224C67AEF008EFAAA /* RealmCenter.swift in Sources */ = {isa = PBXBuildFile; fileRef = 64331C7124C67AEE008EFAAA /* RealmCenter.swift */; };
		64DFF49524C4BA6900FF3976 /* AppDelegate.swift in Sources */ = {isa = PBXBuildFile; fileRef = 64DFF49424C4BA6900FF3976 /* AppDelegate.swift */; };
		64DFF49724C4BA6900FF3976 /* SceneDelegate.swift in Sources */ = {isa = PBXBuildFile; fileRef = 64DFF49624C4BA6900FF3976 /* SceneDelegate.swift */; };
		64DFF49924C4BA6900FF3976 /* MenuViewController.swift in Sources */ = {isa = PBXBuildFile; fileRef = 64DFF49824C4BA6900FF3976 /* MenuViewController.swift */; };
		64DFF49C24C4BA6900FF3976 /* Main.storyboard in Resources */ = {isa = PBXBuildFile; fileRef = 64DFF49A24C4BA6900FF3976 /* Main.storyboard */; };
		64DFF49F24C4BA6900FF3976 /* MippeumCalcurator.xcdatamodeld in Sources */ = {isa = PBXBuildFile; fileRef = 64DFF49D24C4BA6900FF3976 /* MippeumCalcurator.xcdatamodeld */; };
		64DFF4A124C4BA6C00FF3976 /* Assets.xcassets in Resources */ = {isa = PBXBuildFile; fileRef = 64DFF4A024C4BA6C00FF3976 /* Assets.xcassets */; };
		64DFF4A424C4BA6C00FF3976 /* LaunchScreen.storyboard in Resources */ = {isa = PBXBuildFile; fileRef = 64DFF4A224C4BA6C00FF3976 /* LaunchScreen.storyboard */; };
		64DFF4AF24C4BA6C00FF3976 /* MippeumCalcuratorTests.swift in Sources */ = {isa = PBXBuildFile; fileRef = 64DFF4AE24C4BA6C00FF3976 /* MippeumCalcuratorTests.swift */; };
		64DFF4BA24C4BA6C00FF3976 /* MippeumCalcuratorUITests.swift in Sources */ = {isa = PBXBuildFile; fileRef = 64DFF4B924C4BA6C00FF3976 /* MippeumCalcuratorUITests.swift */; };
		64DFF4CB24C4BAF000FF3976 /* APIService.swift in Sources */ = {isa = PBXBuildFile; fileRef = 64DFF4C724C4BAF000FF3976 /* APIService.swift */; };
		64DFF4CC24C4BAF000FF3976 /* Menu.swift in Sources */ = {isa = PBXBuildFile; fileRef = 64DFF4C824C4BAF000FF3976 /* Menu.swift */; };
		64DFF4CD24C4BAF000FF3976 /* Util.swift in Sources */ = {isa = PBXBuildFile; fileRef = 64DFF4C924C4BAF000FF3976 /* Util.swift */; };
		64DFF4CE24C4BAF000FF3976 /* MenuCell.swift in Sources */ = {isa = PBXBuildFile; fileRef = 64DFF4CA24C4BAF000FF3976 /* MenuCell.swift */; };
		64DFF4D124C5665700FF3976 /* ReceiptViewController.swift in Sources */ = {isa = PBXBuildFile; fileRef = 64DFF4D024C5665700FF3976 /* ReceiptViewController.swift */; };
		64FB3AF324C7107400AF2A20 /* OrderQueueViewController.swift in Sources */ = {isa = PBXBuildFile; fileRef = 64FB3AF224C7107400AF2A20 /* OrderQueueViewController.swift */; };
		64FB3AF624C7267A00AF2A20 /* OrderQueueModel.swift in Sources */ = {isa = PBXBuildFile; fileRef = 64FB3AF524C7267A00AF2A20 /* OrderQueueModel.swift */; };
		64FB3AF824C72B2700AF2A20 /* OrderQueueCell.swift in Sources */ = {isa = PBXBuildFile; fileRef = 64FB3AF724C72B2700AF2A20 /* OrderQueueCell.swift */; };
		64FB3AFB24C86DEE00AF2A20 /* StatisticsViewController.swift in Sources */ = {isa = PBXBuildFile; fileRef = 64FB3AFA24C86DEE00AF2A20 /* StatisticsViewController.swift */; };
		64FB3B4D24C9DA5300AF2A20 /* MenuModel.swift in Sources */ = {isa = PBXBuildFile; fileRef = 64FB3B4C24C9DA5300AF2A20 /* MenuModel.swift */; };
		64FB3B4F24C9DEFC00AF2A20 /* ReceiptViewModel.swift in Sources */ = {isa = PBXBuildFile; fileRef = 64FB3B4E24C9DEFC00AF2A20 /* ReceiptViewModel.swift */; };
		64FB3B9024CA78E100AF2A20 /* OrderQueueViewModel.swift in Sources */ = {isa = PBXBuildFile; fileRef = 64FB3B8F24CA78E000AF2A20 /* OrderQueueViewModel.swift */; };
		64FB3B9D24CB1C8D00AF2A20 /* OrderQueueStore.swift in Sources */ = {isa = PBXBuildFile; fileRef = 64FB3B9C24CB1C8C00AF2A20 /* OrderQueueStore.swift */; };
		64FB3B9F24CEC1CD00AF2A20 /* StatisticsViewModel.swift in Sources */ = {isa = PBXBuildFile; fileRef = 64FB3B9E24CEC1CC00AF2A20 /* StatisticsViewModel.swift */; };
		64FB3BA124CEC89500AF2A20 /* StatisticsStore.swift in Sources */ = {isa = PBXBuildFile; fileRef = 64FB3BA024CEC89500AF2A20 /* StatisticsStore.swift */; };
		64FB3BA324CEF99500AF2A20 /* MenuRealmStore.swift in Sources */ = {isa = PBXBuildFile; fileRef = 64FB3BA224CEF99500AF2A20 /* MenuRealmStore.swift */; };
		64FB3BAB24CF04C500AF2A20 /* MenuViewModel.swift in Sources */ = {isa = PBXBuildFile; fileRef = 64FB3BAA24CF04C500AF2A20 /* MenuViewModel.swift */; };
		64FB3BB324CF347700AF2A20 /* MenuAPIStore.swift in Sources */ = {isa = PBXBuildFile; fileRef = 64FB3BB224CF347700AF2A20 /* MenuAPIStore.swift */; };
		E3EF943625FEFAAA5F9937BF /* Pods_MippeumCalcuratorRx.framework in Frameworks */ = {isa = PBXBuildFile; fileRef = A54B4F40BA6CB4B92D9152CB /* Pods_MippeumCalcuratorRx.framework */; };
/* End PBXBuildFile section */

/* Begin PBXContainerItemProxy section */
		64DFF4AB24C4BA6C00FF3976 /* PBXContainerItemProxy */ = {
			isa = PBXContainerItemProxy;
			containerPortal = 64DFF48924C4BA6900FF3976 /* Project object */;
			proxyType = 1;
			remoteGlobalIDString = 64DFF49024C4BA6900FF3976;
			remoteInfo = MippeumCalcurator;
		};
		64DFF4B624C4BA6C00FF3976 /* PBXContainerItemProxy */ = {
			isa = PBXContainerItemProxy;
			containerPortal = 64DFF48924C4BA6900FF3976 /* Project object */;
			proxyType = 1;
			remoteGlobalIDString = 64DFF49024C4BA6900FF3976;
			remoteInfo = MippeumCalcurator;
		};
/* End PBXContainerItemProxy section */

/* Begin PBXFileReference section */
		0E033F0B2D5DB7596748CD4B /* Pods-MippeumCalcuratorRxTests.debug.xcconfig */ = {isa = PBXFileReference; includeInIndex = 1; lastKnownFileType = text.xcconfig; name = "Pods-MippeumCalcuratorRxTests.debug.xcconfig"; path = "Target Support Files/Pods-MippeumCalcuratorRxTests/Pods-MippeumCalcuratorRxTests.debug.xcconfig"; sourceTree = "<group>"; };
		64331C6524C673FA008EFAAA /* DBOrder.swift */ = {isa = PBXFileReference; lastKnownFileType = sourcecode.swift; path = DBOrder.swift; sourceTree = "<group>"; };
		64331C6D24C67942008EFAAA /* DBOrderList.swift */ = {isa = PBXFileReference; lastKnownFileType = sourcecode.swift; path = DBOrderList.swift; sourceTree = "<group>"; };
		64331C6F24C679A1008EFAAA /* DBProducts.swift */ = {isa = PBXFileReference; lastKnownFileType = sourcecode.swift; path = DBProducts.swift; sourceTree = "<group>"; };
		64331C7124C67AEE008EFAAA /* RealmCenter.swift */ = {isa = PBXFileReference; lastKnownFileType = sourcecode.swift; path = RealmCenter.swift; sourceTree = "<group>"; };
		64DFF49124C4BA6900FF3976 /* 미쁨김밥 계산기.app */ = {isa = PBXFileReference; explicitFileType = wrapper.application; includeInIndex = 0; path = "미쁨김밥 계산기.app"; sourceTree = BUILT_PRODUCTS_DIR; };
		64DFF49424C4BA6900FF3976 /* AppDelegate.swift */ = {isa = PBXFileReference; lastKnownFileType = sourcecode.swift; path = AppDelegate.swift; sourceTree = "<group>"; };
		64DFF49624C4BA6900FF3976 /* SceneDelegate.swift */ = {isa = PBXFileReference; lastKnownFileType = sourcecode.swift; path = SceneDelegate.swift; sourceTree = "<group>"; };
		64DFF49824C4BA6900FF3976 /* MenuViewController.swift */ = {isa = PBXFileReference; lastKnownFileType = sourcecode.swift; path = MenuViewController.swift; sourceTree = "<group>"; };
		64DFF49B24C4BA6900FF3976 /* Base */ = {isa = PBXFileReference; lastKnownFileType = file.storyboard; name = Base; path = Base.lproj/Main.storyboard; sourceTree = "<group>"; };
		64DFF49E24C4BA6900FF3976 /* MippeumCalcurator.xcdatamodel */ = {isa = PBXFileReference; lastKnownFileType = wrapper.xcdatamodel; path = MippeumCalcurator.xcdatamodel; sourceTree = "<group>"; };
		64DFF4A024C4BA6C00FF3976 /* Assets.xcassets */ = {isa = PBXFileReference; lastKnownFileType = folder.assetcatalog; path = Assets.xcassets; sourceTree = "<group>"; };
		64DFF4A324C4BA6C00FF3976 /* Base */ = {isa = PBXFileReference; lastKnownFileType = file.storyboard; name = Base; path = Base.lproj/LaunchScreen.storyboard; sourceTree = "<group>"; };
		64DFF4A524C4BA6C00FF3976 /* Info.plist */ = {isa = PBXFileReference; lastKnownFileType = text.plist.xml; path = Info.plist; sourceTree = "<group>"; };
		64DFF4AA24C4BA6C00FF3976 /* MippeumCalcuratorRxTests.xctest */ = {isa = PBXFileReference; explicitFileType = wrapper.cfbundle; includeInIndex = 0; path = MippeumCalcuratorRxTests.xctest; sourceTree = BUILT_PRODUCTS_DIR; };
		64DFF4AE24C4BA6C00FF3976 /* MippeumCalcuratorTests.swift */ = {isa = PBXFileReference; lastKnownFileType = sourcecode.swift; path = MippeumCalcuratorTests.swift; sourceTree = "<group>"; };
		64DFF4B024C4BA6C00FF3976 /* Info.plist */ = {isa = PBXFileReference; lastKnownFileType = text.plist.xml; path = Info.plist; sourceTree = "<group>"; };
		64DFF4B524C4BA6C00FF3976 /* MippeumCalcuratorRxUITests.xctest */ = {isa = PBXFileReference; explicitFileType = wrapper.cfbundle; includeInIndex = 0; path = MippeumCalcuratorRxUITests.xctest; sourceTree = BUILT_PRODUCTS_DIR; };
		64DFF4B924C4BA6C00FF3976 /* MippeumCalcuratorUITests.swift */ = {isa = PBXFileReference; lastKnownFileType = sourcecode.swift; path = MippeumCalcuratorUITests.swift; sourceTree = "<group>"; };
		64DFF4BB24C4BA6C00FF3976 /* Info.plist */ = {isa = PBXFileReference; lastKnownFileType = text.plist.xml; path = Info.plist; sourceTree = "<group>"; };
		64DFF4C724C4BAF000FF3976 /* APIService.swift */ = {isa = PBXFileReference; fileEncoding = 4; lastKnownFileType = sourcecode.swift; path = APIService.swift; sourceTree = "<group>"; };
		64DFF4C824C4BAF000FF3976 /* Menu.swift */ = {isa = PBXFileReference; fileEncoding = 4; lastKnownFileType = sourcecode.swift; path = Menu.swift; sourceTree = "<group>"; };
		64DFF4C924C4BAF000FF3976 /* Util.swift */ = {isa = PBXFileReference; fileEncoding = 4; lastKnownFileType = sourcecode.swift; path = Util.swift; sourceTree = "<group>"; };
		64DFF4CA24C4BAF000FF3976 /* MenuCell.swift */ = {isa = PBXFileReference; fileEncoding = 4; lastKnownFileType = sourcecode.swift; path = MenuCell.swift; sourceTree = "<group>"; };
		64DFF4D024C5665700FF3976 /* ReceiptViewController.swift */ = {isa = PBXFileReference; lastKnownFileType = sourcecode.swift; path = ReceiptViewController.swift; sourceTree = "<group>"; };
		64FB3AF224C7107400AF2A20 /* OrderQueueViewController.swift */ = {isa = PBXFileReference; lastKnownFileType = sourcecode.swift; path = OrderQueueViewController.swift; sourceTree = "<group>"; };
		64FB3AF524C7267A00AF2A20 /* OrderQueueModel.swift */ = {isa = PBXFileReference; lastKnownFileType = sourcecode.swift; path = OrderQueueModel.swift; sourceTree = "<group>"; };
		64FB3AF724C72B2700AF2A20 /* OrderQueueCell.swift */ = {isa = PBXFileReference; lastKnownFileType = sourcecode.swift; path = OrderQueueCell.swift; sourceTree = "<group>"; };
		64FB3AFA24C86DEE00AF2A20 /* StatisticsViewController.swift */ = {isa = PBXFileReference; lastKnownFileType = sourcecode.swift; path = StatisticsViewController.swift; sourceTree = "<group>"; };
		64FB3B4C24C9DA5300AF2A20 /* MenuModel.swift */ = {isa = PBXFileReference; lastKnownFileType = sourcecode.swift; path = MenuModel.swift; sourceTree = "<group>"; };
		64FB3B4E24C9DEFC00AF2A20 /* ReceiptViewModel.swift */ = {isa = PBXFileReference; lastKnownFileType = sourcecode.swift; path = ReceiptViewModel.swift; sourceTree = "<group>"; };
		64FB3B8F24CA78E000AF2A20 /* OrderQueueViewModel.swift */ = {isa = PBXFileReference; lastKnownFileType = sourcecode.swift; path = OrderQueueViewModel.swift; sourceTree = "<group>"; };
		64FB3B9C24CB1C8C00AF2A20 /* OrderQueueStore.swift */ = {isa = PBXFileReference; lastKnownFileType = sourcecode.swift; path = OrderQueueStore.swift; sourceTree = "<group>"; };
		64FB3B9E24CEC1CC00AF2A20 /* StatisticsViewModel.swift */ = {isa = PBXFileReference; lastKnownFileType = sourcecode.swift; path = StatisticsViewModel.swift; sourceTree = "<group>"; };
		64FB3BA024CEC89500AF2A20 /* StatisticsStore.swift */ = {isa = PBXFileReference; lastKnownFileType = sourcecode.swift; path = StatisticsStore.swift; sourceTree = "<group>"; };
		64FB3BA224CEF99500AF2A20 /* MenuRealmStore.swift */ = {isa = PBXFileReference; lastKnownFileType = sourcecode.swift; path = MenuRealmStore.swift; sourceTree = "<group>"; };
		64FB3BAA24CF04C500AF2A20 /* MenuViewModel.swift */ = {isa = PBXFileReference; lastKnownFileType = sourcecode.swift; path = MenuViewModel.swift; sourceTree = "<group>"; };
		64FB3BB224CF347700AF2A20 /* MenuAPIStore.swift */ = {isa = PBXFileReference; lastKnownFileType = sourcecode.swift; path = MenuAPIStore.swift; sourceTree = "<group>"; };
		6C940524D69CC177FF15AFA4 /* Pods-MippeumCalcuratorRx.release.xcconfig */ = {isa = PBXFileReference; includeInIndex = 1; lastKnownFileType = text.xcconfig; name = "Pods-MippeumCalcuratorRx.release.xcconfig"; path = "Target Support Files/Pods-MippeumCalcuratorRx/Pods-MippeumCalcuratorRx.release.xcconfig"; sourceTree = "<group>"; };
		7E273CDB2412EBE6DE0F9C30 /* Pods-MippeumCalcuratorRx.debug.xcconfig */ = {isa = PBXFileReference; includeInIndex = 1; lastKnownFileType = text.xcconfig; name = "Pods-MippeumCalcuratorRx.debug.xcconfig"; path = "Target Support Files/Pods-MippeumCalcuratorRx/Pods-MippeumCalcuratorRx.debug.xcconfig"; sourceTree = "<group>"; };
		8284D38A9D14393E3F4FE093 /* Pods-MippeumCalcuratorRx-MippeumCalcuratorRxUITests.debug.xcconfig */ = {isa = PBXFileReference; includeInIndex = 1; lastKnownFileType = text.xcconfig; name = "Pods-MippeumCalcuratorRx-MippeumCalcuratorRxUITests.debug.xcconfig"; path = "Target Support Files/Pods-MippeumCalcuratorRx-MippeumCalcuratorRxUITests/Pods-MippeumCalcuratorRx-MippeumCalcuratorRxUITests.debug.xcconfig"; sourceTree = "<group>"; };
		A54B4F40BA6CB4B92D9152CB /* Pods_MippeumCalcuratorRx.framework */ = {isa = PBXFileReference; explicitFileType = wrapper.framework; includeInIndex = 0; path = Pods_MippeumCalcuratorRx.framework; sourceTree = BUILT_PRODUCTS_DIR; };
		C70F645D2F93D9934C0888FC /* Pods_MippeumCalcuratorRxTests.framework */ = {isa = PBXFileReference; explicitFileType = wrapper.framework; includeInIndex = 0; path = Pods_MippeumCalcuratorRxTests.framework; sourceTree = BUILT_PRODUCTS_DIR; };
		C74AA63E22A3985BE07220B3 /* Pods_MippeumCalcuratorRx_MippeumCalcuratorRxUITests.framework */ = {isa = PBXFileReference; explicitFileType = wrapper.framework; includeInIndex = 0; path = Pods_MippeumCalcuratorRx_MippeumCalcuratorRxUITests.framework; sourceTree = BUILT_PRODUCTS_DIR; };
		EF50AA25380D379D79A67069 /* Pods-MippeumCalcuratorRx-MippeumCalcuratorRxUITests.release.xcconfig */ = {isa = PBXFileReference; includeInIndex = 1; lastKnownFileType = text.xcconfig; name = "Pods-MippeumCalcuratorRx-MippeumCalcuratorRxUITests.release.xcconfig"; path = "Target Support Files/Pods-MippeumCalcuratorRx-MippeumCalcuratorRxUITests/Pods-MippeumCalcuratorRx-MippeumCalcuratorRxUITests.release.xcconfig"; sourceTree = "<group>"; };
		F5368BA7320945113C406341 /* Pods-MippeumCalcuratorRxTests.release.xcconfig */ = {isa = PBXFileReference; includeInIndex = 1; lastKnownFileType = text.xcconfig; name = "Pods-MippeumCalcuratorRxTests.release.xcconfig"; path = "Target Support Files/Pods-MippeumCalcuratorRxTests/Pods-MippeumCalcuratorRxTests.release.xcconfig"; sourceTree = "<group>"; };
/* End PBXFileReference section */

/* Begin PBXFrameworksBuildPhase section */
		64DFF48E24C4BA6900FF3976 /* Frameworks */ = {
			isa = PBXFrameworksBuildPhase;
			buildActionMask = 2147483647;
			files = (
				E3EF943625FEFAAA5F9937BF /* Pods_MippeumCalcuratorRx.framework in Frameworks */,
			);
			runOnlyForDeploymentPostprocessing = 0;
		};
		64DFF4A724C4BA6C00FF3976 /* Frameworks */ = {
			isa = PBXFrameworksBuildPhase;
			buildActionMask = 2147483647;
			files = (
				335F4F7FADD7C5107EAB0757 /* Pods_MippeumCalcuratorRxTests.framework in Frameworks */,
			);
			runOnlyForDeploymentPostprocessing = 0;
		};
		64DFF4B224C4BA6C00FF3976 /* Frameworks */ = {
			isa = PBXFrameworksBuildPhase;
			buildActionMask = 2147483647;
			files = (
				2C65569C5C123FD258F87BDC /* Pods_MippeumCalcuratorRx_MippeumCalcuratorRxUITests.framework in Frameworks */,
			);
			runOnlyForDeploymentPostprocessing = 0;
		};
/* End PBXFrameworksBuildPhase section */

/* Begin PBXGroup section */
		4605C5C6C1D2A32150E5C0C2 /* Pods */ = {
			isa = PBXGroup;
			children = (
				7E273CDB2412EBE6DE0F9C30 /* Pods-MippeumCalcuratorRx.debug.xcconfig */,
				6C940524D69CC177FF15AFA4 /* Pods-MippeumCalcuratorRx.release.xcconfig */,
				8284D38A9D14393E3F4FE093 /* Pods-MippeumCalcuratorRx-MippeumCalcuratorRxUITests.debug.xcconfig */,
				EF50AA25380D379D79A67069 /* Pods-MippeumCalcuratorRx-MippeumCalcuratorRxUITests.release.xcconfig */,
				0E033F0B2D5DB7596748CD4B /* Pods-MippeumCalcuratorRxTests.debug.xcconfig */,
				F5368BA7320945113C406341 /* Pods-MippeumCalcuratorRxTests.release.xcconfig */,
			);
			path = Pods;
			sourceTree = "<group>";
		};
		64331C6424C673A0008EFAAA /* Realm */ = {
			isa = PBXGroup;
			children = (
				64FB3B9B24CB1C5100AF2A20 /* Domain */,
				64FB3B9A24CB1C3300AF2A20 /* DB */,
				64331C7124C67AEE008EFAAA /* RealmCenter.swift */,
			);
			path = Realm;
			sourceTree = "<group>";
		};
		64DFF48824C4BA6900FF3976 = {
			isa = PBXGroup;
			children = (
				64DFF49324C4BA6900FF3976 /* MippeumCalcurator */,
				64DFF4AD24C4BA6C00FF3976 /* MippeumCalcuratorTests */,
				64DFF4B824C4BA6C00FF3976 /* MippeumCalcuratorUITests */,
				64DFF49224C4BA6900FF3976 /* Products */,
				4605C5C6C1D2A32150E5C0C2 /* Pods */,
				7714FD15DEAE76ABF4F0E2FD /* Frameworks */,
			);
			sourceTree = "<group>";
		};
		64DFF49224C4BA6900FF3976 /* Products */ = {
			isa = PBXGroup;
			children = (
				64DFF49124C4BA6900FF3976 /* 미쁨김밥 계산기.app */,
				64DFF4AA24C4BA6C00FF3976 /* MippeumCalcuratorRxTests.xctest */,
				64DFF4B524C4BA6C00FF3976 /* MippeumCalcuratorRxUITests.xctest */,
			);
			name = Products;
			sourceTree = "<group>";
		};
		64DFF49324C4BA6900FF3976 /* MippeumCalcurator */ = {
			isa = PBXGroup;
			children = (
				64DFF4D224C5E96C00FF3976 /* App */,
				64DFF4D324C5E98700FF3976 /* Asset */,
				64DFF4D624C5E9DF00FF3976 /* Domain */,
				64DFF4D424C5E9DA00FF3976 /* Model */,
				64DFF4DD24C5EA8000FF3976 /* View */,
				64FB3B4B24C9D48500AF2A20 /* ViewModel */,
				64DFF4DE24C5EACA00FF3976 /* Util */,
				64331C6424C673A0008EFAAA /* Realm */,
				64DFF49D24C4BA6900FF3976 /* MippeumCalcurator.xcdatamodeld */,
			);
			path = MippeumCalcurator;
			sourceTree = "<group>";
		};
		64DFF4AD24C4BA6C00FF3976 /* MippeumCalcuratorTests */ = {
			isa = PBXGroup;
			children = (
				64DFF4AE24C4BA6C00FF3976 /* MippeumCalcuratorTests.swift */,
				64DFF4B024C4BA6C00FF3976 /* Info.plist */,
			);
			path = MippeumCalcuratorTests;
			sourceTree = "<group>";
		};
		64DFF4B824C4BA6C00FF3976 /* MippeumCalcuratorUITests */ = {
			isa = PBXGroup;
			children = (
				64DFF4B924C4BA6C00FF3976 /* MippeumCalcuratorUITests.swift */,
				64DFF4BB24C4BA6C00FF3976 /* Info.plist */,
			);
			path = MippeumCalcuratorUITests;
			sourceTree = "<group>";
		};
		64DFF4D224C5E96C00FF3976 /* App */ = {
			isa = PBXGroup;
			children = (
				64DFF49424C4BA6900FF3976 /* AppDelegate.swift */,
				64DFF49624C4BA6900FF3976 /* SceneDelegate.swift */,
				64DFF4A524C4BA6C00FF3976 /* Info.plist */,
			);
			path = App;
			sourceTree = "<group>";
		};
		64DFF4D324C5E98700FF3976 /* Asset */ = {
			isa = PBXGroup;
			children = (
				64DFF49A24C4BA6900FF3976 /* Main.storyboard */,
				64DFF4A024C4BA6C00FF3976 /* Assets.xcassets */,
				64DFF4A224C4BA6C00FF3976 /* LaunchScreen.storyboard */,
			);
			path = Asset;
			sourceTree = "<group>";
		};
		64DFF4D424C5E9DA00FF3976 /* Model */ = {
			isa = PBXGroup;
			children = (
				64FB3B9124CA7AAE00AF2A20 /* Service */,
				64FB3B9324CA7AED00AF2A20 /* Menu */,
				64FB3B9224CA7AB800AF2A20 /* OrderQueue */,
			);
			path = Model;
			sourceTree = "<group>";
		};
		64DFF4D524C5E9DD00FF3976 /* Service */ = {
			isa = PBXGroup;
			children = (
				64DFF4C724C4BAF000FF3976 /* APIService.swift */,
			);
			path = Service;
			sourceTree = "<group>";
		};
		64DFF4D624C5E9DF00FF3976 /* Domain */ = {
			isa = PBXGroup;
			children = (
				64DFF4D524C5E9DD00FF3976 /* Service */,
				64FB3BB224CF347700AF2A20 /* MenuAPIStore.swift */,
			);
			path = Domain;
			sourceTree = "<group>";
		};
		64DFF4D724C5E9DF00FF3976 /* Menu */ = {
			isa = PBXGroup;
			children = (
				64DFF49824C4BA6900FF3976 /* MenuViewController.swift */,
				64DFF4CA24C4BAF000FF3976 /* MenuCell.swift */,
			);
			path = Menu;
			sourceTree = "<group>";
		};
		64DFF4D824C5E9DF00FF3976 /* Reciept */ = {
			isa = PBXGroup;
			children = (
				64DFF4D024C5665700FF3976 /* ReceiptViewController.swift */,
			);
			path = Reciept;
			sourceTree = "<group>";
		};
		64DFF4DD24C5EA8000FF3976 /* View */ = {
			isa = PBXGroup;
			children = (
				64DFF4D724C5E9DF00FF3976 /* Menu */,
				64FB3AF124C7105100AF2A20 /* OrderQueue */,
				64FB3AF924C86CF000AF2A20 /* Statistics */,
				64DFF4D824C5E9DF00FF3976 /* Reciept */,
			);
			path = View;
			sourceTree = "<group>";
		};
		64DFF4DE24C5EACA00FF3976 /* Util */ = {
			isa = PBXGroup;
			children = (
				64DFF4C924C4BAF000FF3976 /* Util.swift */,
			);
			path = Util;
			sourceTree = "<group>";
		};
		64FB3AF124C7105100AF2A20 /* OrderQueue */ = {
			isa = PBXGroup;
			children = (
				64FB3AF224C7107400AF2A20 /* OrderQueueViewController.swift */,
				64FB3AF724C72B2700AF2A20 /* OrderQueueCell.swift */,
			);
			path = OrderQueue;
			sourceTree = "<group>";
		};
		64FB3AF924C86CF000AF2A20 /* Statistics */ = {
			isa = PBXGroup;
			children = (
				64FB3AFA24C86DEE00AF2A20 /* StatisticsViewController.swift */,
			);
			path = Statistics;
			sourceTree = "<group>";
		};
		64FB3B4B24C9D48500AF2A20 /* ViewModel */ = {
			isa = PBXGroup;
			children = (
				64FB3BAA24CF04C500AF2A20 /* MenuViewModel.swift */,
				64FB3B4E24C9DEFC00AF2A20 /* ReceiptViewModel.swift */,
				64FB3B8F24CA78E000AF2A20 /* OrderQueueViewModel.swift */,
				64FB3B9E24CEC1CC00AF2A20 /* StatisticsViewModel.swift */,
			);
			path = ViewModel;
			sourceTree = "<group>";
		};
		64FB3B9124CA7AAE00AF2A20 /* Service */ = {
			isa = PBXGroup;
			children = (
				64DFF4C824C4BAF000FF3976 /* Menu.swift */,
			);
			path = Service;
			sourceTree = "<group>";
		};
		64FB3B9224CA7AB800AF2A20 /* OrderQueue */ = {
			isa = PBXGroup;
			children = (
				64FB3AF524C7267A00AF2A20 /* OrderQueueModel.swift */,
			);
			path = OrderQueue;
			sourceTree = "<group>";
		};
		64FB3B9324CA7AED00AF2A20 /* Menu */ = {
			isa = PBXGroup;
			children = (
				64FB3B4C24C9DA5300AF2A20 /* MenuModel.swift */,
			);
			path = Menu;
			sourceTree = "<group>";
		};
		64FB3B9A24CB1C3300AF2A20 /* DB */ = {
			isa = PBXGroup;
			children = (
				64331C6524C673FA008EFAAA /* DBOrder.swift */,
				64331C6D24C67942008EFAAA /* DBOrderList.swift */,
				64331C6F24C679A1008EFAAA /* DBProducts.swift */,
			);
			path = DB;
			sourceTree = "<group>";
		};
		64FB3B9B24CB1C5100AF2A20 /* Domain */ = {
			isa = PBXGroup;
			children = (
				64FB3BA224CEF99500AF2A20 /* MenuRealmStore.swift */,
				64FB3B9C24CB1C8C00AF2A20 /* OrderQueueStore.swift */,
				64FB3BA024CEC89500AF2A20 /* StatisticsStore.swift */,
			);
			path = Domain;
			sourceTree = "<group>";
		};
		7714FD15DEAE76ABF4F0E2FD /* Frameworks */ = {
			isa = PBXGroup;
			children = (
				A54B4F40BA6CB4B92D9152CB /* Pods_MippeumCalcuratorRx.framework */,
				C74AA63E22A3985BE07220B3 /* Pods_MippeumCalcuratorRx_MippeumCalcuratorRxUITests.framework */,
				C70F645D2F93D9934C0888FC /* Pods_MippeumCalcuratorRxTests.framework */,
			);
			name = Frameworks;
			sourceTree = "<group>";
		};
/* End PBXGroup section */

/* Begin PBXNativeTarget section */
		64DFF49024C4BA6900FF3976 /* MippeumCalcuratorRx */ = {
			isa = PBXNativeTarget;
			buildConfigurationList = 64DFF4BE24C4BA6C00FF3976 /* Build configuration list for PBXNativeTarget "MippeumCalcuratorRx" */;
			buildPhases = (
				C85BBBF6F2B303BD5C14F809 /* [CP] Check Pods Manifest.lock */,
				64DFF48D24C4BA6900FF3976 /* Sources */,
				64DFF48E24C4BA6900FF3976 /* Frameworks */,
				64DFF48F24C4BA6900FF3976 /* Resources */,
				55FE611C2B508260041A8CC7 /* [CP] Embed Pods Frameworks */,
				64FB3B4A24C9C4C600AF2A20 /* ShellScript */,
			);
			buildRules = (
			);
			dependencies = (
			);
			name = MippeumCalcuratorRx;
			productName = MippeumCalcurator;
			productReference = 64DFF49124C4BA6900FF3976 /* 미쁨김밥 계산기.app */;
			productType = "com.apple.product-type.application";
		};
		64DFF4A924C4BA6C00FF3976 /* MippeumCalcuratorRxTests */ = {
			isa = PBXNativeTarget;
			buildConfigurationList = 64DFF4C124C4BA6C00FF3976 /* Build configuration list for PBXNativeTarget "MippeumCalcuratorRxTests" */;
			buildPhases = (
				427327EBEF8ED69FE0BE25BB /* [CP] Check Pods Manifest.lock */,
				64DFF4A624C4BA6C00FF3976 /* Sources */,
				64DFF4A724C4BA6C00FF3976 /* Frameworks */,
				64DFF4A824C4BA6C00FF3976 /* Resources */,
			);
			buildRules = (
			);
			dependencies = (
				64DFF4AC24C4BA6C00FF3976 /* PBXTargetDependency */,
			);
			name = MippeumCalcuratorRxTests;
			productName = MippeumCalcuratorTests;
			productReference = 64DFF4AA24C4BA6C00FF3976 /* MippeumCalcuratorRxTests.xctest */;
			productType = "com.apple.product-type.bundle.unit-test";
		};
		64DFF4B424C4BA6C00FF3976 /* MippeumCalcuratorRxUITests */ = {
			isa = PBXNativeTarget;
			buildConfigurationList = 64DFF4C424C4BA6C00FF3976 /* Build configuration list for PBXNativeTarget "MippeumCalcuratorRxUITests" */;
			buildPhases = (
				9A6945905607F3734D920123 /* [CP] Check Pods Manifest.lock */,
				64DFF4B124C4BA6C00FF3976 /* Sources */,
				64DFF4B224C4BA6C00FF3976 /* Frameworks */,
				64DFF4B324C4BA6C00FF3976 /* Resources */,
				5AB3D6271640E399E452F66A /* [CP] Embed Pods Frameworks */,
			);
			buildRules = (
			);
			dependencies = (
				64DFF4B724C4BA6C00FF3976 /* PBXTargetDependency */,
			);
			name = MippeumCalcuratorRxUITests;
			productName = MippeumCalcuratorUITests;
			productReference = 64DFF4B524C4BA6C00FF3976 /* MippeumCalcuratorRxUITests.xctest */;
			productType = "com.apple.product-type.bundle.ui-testing";
		};
/* End PBXNativeTarget section */

/* Begin PBXProject section */
		64DFF48924C4BA6900FF3976 /* Project object */ = {
			isa = PBXProject;
			attributes = {
				LastSwiftUpdateCheck = 1160;
				LastUpgradeCheck = 1160;
				ORGANIZATIONNAME = "장태현";
				TargetAttributes = {
					64DFF49024C4BA6900FF3976 = {
						CreatedOnToolsVersion = 11.6;
					};
					64DFF4A924C4BA6C00FF3976 = {
						CreatedOnToolsVersion = 11.6;
						TestTargetID = 64DFF49024C4BA6900FF3976;
					};
					64DFF4B424C4BA6C00FF3976 = {
						CreatedOnToolsVersion = 11.6;
						TestTargetID = 64DFF49024C4BA6900FF3976;
					};
				};
			};
			buildConfigurationList = 64DFF48C24C4BA6900FF3976 /* Build configuration list for PBXProject "MippeumCalcuratorRx" */;
			compatibilityVersion = "Xcode 9.3";
			developmentRegion = en;
			hasScannedForEncodings = 0;
			knownRegions = (
				en,
				Base,
			);
			mainGroup = 64DFF48824C4BA6900FF3976;
			productRefGroup = 64DFF49224C4BA6900FF3976 /* Products */;
			projectDirPath = "";
			projectRoot = "";
			targets = (
				64DFF49024C4BA6900FF3976 /* MippeumCalcuratorRx */,
				64DFF4A924C4BA6C00FF3976 /* MippeumCalcuratorRxTests */,
				64DFF4B424C4BA6C00FF3976 /* MippeumCalcuratorRxUITests */,
			);
		};
/* End PBXProject section */

/* Begin PBXResourcesBuildPhase section */
		64DFF48F24C4BA6900FF3976 /* Resources */ = {
			isa = PBXResourcesBuildPhase;
			buildActionMask = 2147483647;
			files = (
				64DFF4A424C4BA6C00FF3976 /* LaunchScreen.storyboard in Resources */,
				64DFF4A124C4BA6C00FF3976 /* Assets.xcassets in Resources */,
				64DFF49C24C4BA6900FF3976 /* Main.storyboard in Resources */,
			);
			runOnlyForDeploymentPostprocessing = 0;
		};
		64DFF4A824C4BA6C00FF3976 /* Resources */ = {
			isa = PBXResourcesBuildPhase;
			buildActionMask = 2147483647;
			files = (
			);
			runOnlyForDeploymentPostprocessing = 0;
		};
		64DFF4B324C4BA6C00FF3976 /* Resources */ = {
			isa = PBXResourcesBuildPhase;
			buildActionMask = 2147483647;
			files = (
			);
			runOnlyForDeploymentPostprocessing = 0;
		};
/* End PBXResourcesBuildPhase section */

/* Begin PBXShellScriptBuildPhase section */
		427327EBEF8ED69FE0BE25BB /* [CP] Check Pods Manifest.lock */ = {
			isa = PBXShellScriptBuildPhase;
			buildActionMask = 2147483647;
			files = (
			);
			inputFileListPaths = (
			);
			inputPaths = (
				"${PODS_PODFILE_DIR_PATH}/Podfile.lock",
				"${PODS_ROOT}/Manifest.lock",
			);
			name = "[CP] Check Pods Manifest.lock";
			outputFileListPaths = (
			);
			outputPaths = (
				"$(DERIVED_FILE_DIR)/Pods-MippeumCalcuratorRxTests-checkManifestLockResult.txt",
			);
			runOnlyForDeploymentPostprocessing = 0;
			shellPath = /bin/sh;
			shellScript = "diff \"${PODS_PODFILE_DIR_PATH}/Podfile.lock\" \"${PODS_ROOT}/Manifest.lock\" > /dev/null\nif [ $? != 0 ] ; then\n    # print error to STDERR\n    echo \"error: The sandbox is not in sync with the Podfile.lock. Run 'pod install' or update your CocoaPods installation.\" >&2\n    exit 1\nfi\n# This output is used by Xcode 'outputs' to avoid re-running this script phase.\necho \"SUCCESS\" > \"${SCRIPT_OUTPUT_FILE_0}\"\n";
			showEnvVarsInLog = 0;
		};
		55FE611C2B508260041A8CC7 /* [CP] Embed Pods Frameworks */ = {
			isa = PBXShellScriptBuildPhase;
			buildActionMask = 2147483647;
			files = (
			);
			inputFileListPaths = (
				"${PODS_ROOT}/Target Support Files/Pods-MippeumCalcuratorRx/Pods-MippeumCalcuratorRx-frameworks-${CONFIGURATION}-input-files.xcfilelist",
			);
			name = "[CP] Embed Pods Frameworks";
			outputFileListPaths = (
				"${PODS_ROOT}/Target Support Files/Pods-MippeumCalcuratorRx/Pods-MippeumCalcuratorRx-frameworks-${CONFIGURATION}-output-files.xcfilelist",
			);
			runOnlyForDeploymentPostprocessing = 0;
			shellPath = /bin/sh;
			shellScript = "\"${PODS_ROOT}/Target Support Files/Pods-MippeumCalcuratorRx/Pods-MippeumCalcuratorRx-frameworks.sh\"\n";
			showEnvVarsInLog = 0;
		};
		5AB3D6271640E399E452F66A /* [CP] Embed Pods Frameworks */ = {
			isa = PBXShellScriptBuildPhase;
			buildActionMask = 2147483647;
			files = (
			);
			inputFileListPaths = (
				"${PODS_ROOT}/Target Support Files/Pods-MippeumCalcuratorRx-MippeumCalcuratorRxUITests/Pods-MippeumCalcuratorRx-MippeumCalcuratorRxUITests-frameworks-${CONFIGURATION}-input-files.xcfilelist",
			);
			name = "[CP] Embed Pods Frameworks";
			outputFileListPaths = (
				"${PODS_ROOT}/Target Support Files/Pods-MippeumCalcuratorRx-MippeumCalcuratorRxUITests/Pods-MippeumCalcuratorRx-MippeumCalcuratorRxUITests-frameworks-${CONFIGURATION}-output-files.xcfilelist",
			);
			runOnlyForDeploymentPostprocessing = 0;
			shellPath = /bin/sh;
			shellScript = "\"${PODS_ROOT}/Target Support Files/Pods-MippeumCalcuratorRx-MippeumCalcuratorRxUITests/Pods-MippeumCalcuratorRx-MippeumCalcuratorRxUITests-frameworks.sh\"\n";
			showEnvVarsInLog = 0;
		};
		64FB3B4A24C9C4C600AF2A20 /* ShellScript */ = {
			isa = PBXShellScriptBuildPhase;
			buildActionMask = 2147483647;
			files = (
			);
			inputFileListPaths = (
			);
			inputPaths = (
			);
			outputFileListPaths = (
			);
			outputPaths = (
			);
			runOnlyForDeploymentPostprocessing = 0;
			shellPath = /bin/sh;
			shellScript = "# Type a script or drag a script file from your workspace to insert its path.\nif which swiftlint >/dev/null; then\n  swiftlint\nelse\n  echo \"warning: SwiftLint not installed, download from https://github.com/realm/SwiftLint\"\nfi\n";
		};
		9A6945905607F3734D920123 /* [CP] Check Pods Manifest.lock */ = {
			isa = PBXShellScriptBuildPhase;
			buildActionMask = 2147483647;
			files = (
			);
			inputFileListPaths = (
			);
			inputPaths = (
				"${PODS_PODFILE_DIR_PATH}/Podfile.lock",
				"${PODS_ROOT}/Manifest.lock",
			);
			name = "[CP] Check Pods Manifest.lock";
			outputFileListPaths = (
			);
			outputPaths = (
				"$(DERIVED_FILE_DIR)/Pods-MippeumCalcuratorRx-MippeumCalcuratorRxUITests-checkManifestLockResult.txt",
			);
			runOnlyForDeploymentPostprocessing = 0;
			shellPath = /bin/sh;
			shellScript = "diff \"${PODS_PODFILE_DIR_PATH}/Podfile.lock\" \"${PODS_ROOT}/Manifest.lock\" > /dev/null\nif [ $? != 0 ] ; then\n    # print error to STDERR\n    echo \"error: The sandbox is not in sync with the Podfile.lock. Run 'pod install' or update your CocoaPods installation.\" >&2\n    exit 1\nfi\n# This output is used by Xcode 'outputs' to avoid re-running this script phase.\necho \"SUCCESS\" > \"${SCRIPT_OUTPUT_FILE_0}\"\n";
			showEnvVarsInLog = 0;
		};
		C85BBBF6F2B303BD5C14F809 /* [CP] Check Pods Manifest.lock */ = {
			isa = PBXShellScriptBuildPhase;
			buildActionMask = 2147483647;
			files = (
			);
			inputFileListPaths = (
			);
			inputPaths = (
				"${PODS_PODFILE_DIR_PATH}/Podfile.lock",
				"${PODS_ROOT}/Manifest.lock",
			);
			name = "[CP] Check Pods Manifest.lock";
			outputFileListPaths = (
			);
			outputPaths = (
				"$(DERIVED_FILE_DIR)/Pods-MippeumCalcuratorRx-checkManifestLockResult.txt",
			);
			runOnlyForDeploymentPostprocessing = 0;
			shellPath = /bin/sh;
			shellScript = "diff \"${PODS_PODFILE_DIR_PATH}/Podfile.lock\" \"${PODS_ROOT}/Manifest.lock\" > /dev/null\nif [ $? != 0 ] ; then\n    # print error to STDERR\n    echo \"error: The sandbox is not in sync with the Podfile.lock. Run 'pod install' or update your CocoaPods installation.\" >&2\n    exit 1\nfi\n# This output is used by Xcode 'outputs' to avoid re-running this script phase.\necho \"SUCCESS\" > \"${SCRIPT_OUTPUT_FILE_0}\"\n";
			showEnvVarsInLog = 0;
		};
/* End PBXShellScriptBuildPhase section */

/* Begin PBXSourcesBuildPhase section */
		64DFF48D24C4BA6900FF3976 /* Sources */ = {
			isa = PBXSourcesBuildPhase;
			buildActionMask = 2147483647;
			files = (
				64FB3BA124CEC89500AF2A20 /* StatisticsStore.swift in Sources */,
				64FB3AF824C72B2700AF2A20 /* OrderQueueCell.swift in Sources */,
				64FB3B9F24CEC1CD00AF2A20 /* StatisticsViewModel.swift in Sources */,
				64FB3BAB24CF04C500AF2A20 /* MenuViewModel.swift in Sources */,
				64DFF49924C4BA6900FF3976 /* MenuViewController.swift in Sources */,
				64FB3BB324CF347700AF2A20 /* MenuAPIStore.swift in Sources */,
				64FB3BA324CEF99500AF2A20 /* MenuRealmStore.swift in Sources */,
				64FB3AF624C7267A00AF2A20 /* OrderQueueModel.swift in Sources */,
				64FB3B4D24C9DA5300AF2A20 /* MenuModel.swift in Sources */,
				64DFF4CB24C4BAF000FF3976 /* APIService.swift in Sources */,
				64DFF49524C4BA6900FF3976 /* AppDelegate.swift in Sources */,
				64DFF4CC24C4BAF000FF3976 /* Menu.swift in Sources */,
				64DFF4CD24C4BAF000FF3976 /* Util.swift in Sources */,
				64FB3AFB24C86DEE00AF2A20 /* StatisticsViewController.swift in Sources */,
				64FB3B9024CA78E100AF2A20 /* OrderQueueViewModel.swift in Sources */,
				64331C7024C679A1008EFAAA /* DBProducts.swift in Sources */,
				64331C6E24C67943008EFAAA /* DBOrderList.swift in Sources */,
				64331C6624C673FA008EFAAA /* DBOrder.swift in Sources */,
				64DFF4CE24C4BAF000FF3976 /* MenuCell.swift in Sources */,
				64DFF49724C4BA6900FF3976 /* SceneDelegate.swift in Sources */,
				64FB3B9D24CB1C8D00AF2A20 /* OrderQueueStore.swift in Sources */,
				64331C7224C67AEF008EFAAA /* RealmCenter.swift in Sources */,
				64FB3AF324C7107400AF2A20 /* OrderQueueViewController.swift in Sources */,
				64DFF49F24C4BA6900FF3976 /* MippeumCalcurator.xcdatamodeld in Sources */,
				64FB3B4F24C9DEFC00AF2A20 /* ReceiptViewModel.swift in Sources */,
				64DFF4D124C5665700FF3976 /* ReceiptViewController.swift in Sources */,
			);
			runOnlyForDeploymentPostprocessing = 0;
		};
		64DFF4A624C4BA6C00FF3976 /* Sources */ = {
			isa = PBXSourcesBuildPhase;
			buildActionMask = 2147483647;
			files = (
				64DFF4AF24C4BA6C00FF3976 /* MippeumCalcuratorTests.swift in Sources */,
			);
			runOnlyForDeploymentPostprocessing = 0;
		};
		64DFF4B124C4BA6C00FF3976 /* Sources */ = {
			isa = PBXSourcesBuildPhase;
			buildActionMask = 2147483647;
			files = (
				64DFF4BA24C4BA6C00FF3976 /* MippeumCalcuratorUITests.swift in Sources */,
			);
			runOnlyForDeploymentPostprocessing = 0;
		};
/* End PBXSourcesBuildPhase section */

/* Begin PBXTargetDependency section */
		64DFF4AC24C4BA6C00FF3976 /* PBXTargetDependency */ = {
			isa = PBXTargetDependency;
			target = 64DFF49024C4BA6900FF3976 /* MippeumCalcuratorRx */;
			targetProxy = 64DFF4AB24C4BA6C00FF3976 /* PBXContainerItemProxy */;
		};
		64DFF4B724C4BA6C00FF3976 /* PBXTargetDependency */ = {
			isa = PBXTargetDependency;
			target = 64DFF49024C4BA6900FF3976 /* MippeumCalcuratorRx */;
			targetProxy = 64DFF4B624C4BA6C00FF3976 /* PBXContainerItemProxy */;
		};
/* End PBXTargetDependency section */

/* Begin PBXVariantGroup section */
		64DFF49A24C4BA6900FF3976 /* Main.storyboard */ = {
			isa = PBXVariantGroup;
			children = (
				64DFF49B24C4BA6900FF3976 /* Base */,
			);
			name = Main.storyboard;
			sourceTree = "<group>";
		};
		64DFF4A224C4BA6C00FF3976 /* LaunchScreen.storyboard */ = {
			isa = PBXVariantGroup;
			children = (
				64DFF4A324C4BA6C00FF3976 /* Base */,
			);
			name = LaunchScreen.storyboard;
			sourceTree = "<group>";
		};
/* End PBXVariantGroup section */

/* Begin XCBuildConfiguration section */
		64DFF4BC24C4BA6C00FF3976 /* Debug */ = {
			isa = XCBuildConfiguration;
			buildSettings = {
				ALWAYS_SEARCH_USER_PATHS = NO;
				CLANG_ANALYZER_NONNULL = YES;
				CLANG_ANALYZER_NUMBER_OBJECT_CONVERSION = YES_AGGRESSIVE;
				CLANG_CXX_LANGUAGE_STANDARD = "gnu++14";
				CLANG_CXX_LIBRARY = "libc++";
				CLANG_ENABLE_MODULES = YES;
				CLANG_ENABLE_OBJC_ARC = YES;
				CLANG_ENABLE_OBJC_WEAK = YES;
				CLANG_WARN_BLOCK_CAPTURE_AUTORELEASING = YES;
				CLANG_WARN_BOOL_CONVERSION = YES;
				CLANG_WARN_COMMA = YES;
				CLANG_WARN_CONSTANT_CONVERSION = YES;
				CLANG_WARN_DEPRECATED_OBJC_IMPLEMENTATIONS = YES;
				CLANG_WARN_DIRECT_OBJC_ISA_USAGE = YES_ERROR;
				CLANG_WARN_DOCUMENTATION_COMMENTS = YES;
				CLANG_WARN_EMPTY_BODY = YES;
				CLANG_WARN_ENUM_CONVERSION = YES;
				CLANG_WARN_INFINITE_RECURSION = YES;
				CLANG_WARN_INT_CONVERSION = YES;
				CLANG_WARN_NON_LITERAL_NULL_CONVERSION = YES;
				CLANG_WARN_OBJC_IMPLICIT_RETAIN_SELF = YES;
				CLANG_WARN_OBJC_LITERAL_CONVERSION = YES;
				CLANG_WARN_OBJC_ROOT_CLASS = YES_ERROR;
				CLANG_WARN_RANGE_LOOP_ANALYSIS = YES;
				CLANG_WARN_STRICT_PROTOTYPES = YES;
				CLANG_WARN_SUSPICIOUS_MOVE = YES;
				CLANG_WARN_UNGUARDED_AVAILABILITY = YES_AGGRESSIVE;
				CLANG_WARN_UNREACHABLE_CODE = YES;
				CLANG_WARN__DUPLICATE_METHOD_MATCH = YES;
				COPY_PHASE_STRIP = NO;
				DEBUG_INFORMATION_FORMAT = dwarf;
				ENABLE_STRICT_OBJC_MSGSEND = YES;
				ENABLE_TESTABILITY = YES;
				GCC_C_LANGUAGE_STANDARD = gnu11;
				GCC_DYNAMIC_NO_PIC = NO;
				GCC_NO_COMMON_BLOCKS = YES;
				GCC_OPTIMIZATION_LEVEL = 0;
				GCC_PREPROCESSOR_DEFINITIONS = (
					"DEBUG=1",
					"$(inherited)",
				);
				GCC_WARN_64_TO_32_BIT_CONVERSION = YES;
				GCC_WARN_ABOUT_RETURN_TYPE = YES_ERROR;
				GCC_WARN_UNDECLARED_SELECTOR = YES;
				GCC_WARN_UNINITIALIZED_AUTOS = YES_AGGRESSIVE;
				GCC_WARN_UNUSED_FUNCTION = YES;
				GCC_WARN_UNUSED_VARIABLE = YES;
				IPHONEOS_DEPLOYMENT_TARGET = 13.0;
				MTL_ENABLE_DEBUG_INFO = INCLUDE_SOURCE;
				MTL_FAST_MATH = YES;
				ONLY_ACTIVE_ARCH = YES;
				SDKROOT = iphoneos;
				SWIFT_ACTIVE_COMPILATION_CONDITIONS = DEBUG;
				SWIFT_OPTIMIZATION_LEVEL = "-Onone";
			};
			name = Debug;
		};
		64DFF4BD24C4BA6C00FF3976 /* Release */ = {
			isa = XCBuildConfiguration;
			buildSettings = {
				ALWAYS_SEARCH_USER_PATHS = NO;
				CLANG_ANALYZER_NONNULL = YES;
				CLANG_ANALYZER_NUMBER_OBJECT_CONVERSION = YES_AGGRESSIVE;
				CLANG_CXX_LANGUAGE_STANDARD = "gnu++14";
				CLANG_CXX_LIBRARY = "libc++";
				CLANG_ENABLE_MODULES = YES;
				CLANG_ENABLE_OBJC_ARC = YES;
				CLANG_ENABLE_OBJC_WEAK = YES;
				CLANG_WARN_BLOCK_CAPTURE_AUTORELEASING = YES;
				CLANG_WARN_BOOL_CONVERSION = YES;
				CLANG_WARN_COMMA = YES;
				CLANG_WARN_CONSTANT_CONVERSION = YES;
				CLANG_WARN_DEPRECATED_OBJC_IMPLEMENTATIONS = YES;
				CLANG_WARN_DIRECT_OBJC_ISA_USAGE = YES_ERROR;
				CLANG_WARN_DOCUMENTATION_COMMENTS = YES;
				CLANG_WARN_EMPTY_BODY = YES;
				CLANG_WARN_ENUM_CONVERSION = YES;
				CLANG_WARN_INFINITE_RECURSION = YES;
				CLANG_WARN_INT_CONVERSION = YES;
				CLANG_WARN_NON_LITERAL_NULL_CONVERSION = YES;
				CLANG_WARN_OBJC_IMPLICIT_RETAIN_SELF = YES;
				CLANG_WARN_OBJC_LITERAL_CONVERSION = YES;
				CLANG_WARN_OBJC_ROOT_CLASS = YES_ERROR;
				CLANG_WARN_RANGE_LOOP_ANALYSIS = YES;
				CLANG_WARN_STRICT_PROTOTYPES = YES;
				CLANG_WARN_SUSPICIOUS_MOVE = YES;
				CLANG_WARN_UNGUARDED_AVAILABILITY = YES_AGGRESSIVE;
				CLANG_WARN_UNREACHABLE_CODE = YES;
				CLANG_WARN__DUPLICATE_METHOD_MATCH = YES;
				COPY_PHASE_STRIP = NO;
				DEBUG_INFORMATION_FORMAT = "dwarf-with-dsym";
				ENABLE_NS_ASSERTIONS = NO;
				ENABLE_STRICT_OBJC_MSGSEND = YES;
				GCC_C_LANGUAGE_STANDARD = gnu11;
				GCC_NO_COMMON_BLOCKS = YES;
				GCC_WARN_64_TO_32_BIT_CONVERSION = YES;
				GCC_WARN_ABOUT_RETURN_TYPE = YES_ERROR;
				GCC_WARN_UNDECLARED_SELECTOR = YES;
				GCC_WARN_UNINITIALIZED_AUTOS = YES_AGGRESSIVE;
				GCC_WARN_UNUSED_FUNCTION = YES;
				GCC_WARN_UNUSED_VARIABLE = YES;
				IPHONEOS_DEPLOYMENT_TARGET = 13.0;
				MTL_ENABLE_DEBUG_INFO = NO;
				MTL_FAST_MATH = YES;
				SDKROOT = iphoneos;
				SWIFT_COMPILATION_MODE = wholemodule;
				SWIFT_OPTIMIZATION_LEVEL = "-O";
				VALIDATE_PRODUCT = YES;
			};
			name = Release;
		};
		64DFF4BF24C4BA6C00FF3976 /* Debug */ = {
			isa = XCBuildConfiguration;
			baseConfigurationReference = 7E273CDB2412EBE6DE0F9C30 /* Pods-MippeumCalcuratorRx.debug.xcconfig */;
			buildSettings = {
				ASSETCATALOG_COMPILER_APPICON_NAME = AppIcon;
				CODE_SIGN_STYLE = Automatic;
				DEVELOPMENT_TEAM = G7S8646J3M;
				INFOPLIST_FILE = MippeumCalcurator/App/Info.plist;
				LD_RUNPATH_SEARCH_PATHS = (
					"$(inherited)",
					"@executable_path/Frameworks",
				);
				PRODUCT_BUNDLE_IDENTIFIER = kr.co.daniel.MippeumCalcurator;
				PRODUCT_NAME = "미쁨김밥 계산기";
				SWIFT_VERSION = 5.0;
				TARGETED_DEVICE_FAMILY = "1,2";
			};
			name = Debug;
		};
		64DFF4C024C4BA6C00FF3976 /* Release */ = {
			isa = XCBuildConfiguration;
			baseConfigurationReference = 6C940524D69CC177FF15AFA4 /* Pods-MippeumCalcuratorRx.release.xcconfig */;
			buildSettings = {
				ASSETCATALOG_COMPILER_APPICON_NAME = AppIcon;
				CODE_SIGN_STYLE = Automatic;
				DEVELOPMENT_TEAM = G7S8646J3M;
				INFOPLIST_FILE = MippeumCalcurator/App/Info.plist;
				LD_RUNPATH_SEARCH_PATHS = (
					"$(inherited)",
					"@executable_path/Frameworks",
				);
				PRODUCT_BUNDLE_IDENTIFIER = kr.co.daniel.MippeumCalcurator;
				PRODUCT_NAME = "미쁨김밥 계산기";
				SWIFT_VERSION = 5.0;
				TARGETED_DEVICE_FAMILY = "1,2";
			};
			name = Release;
		};
		64DFF4C224C4BA6C00FF3976 /* Debug */ = {
			isa = XCBuildConfiguration;
			baseConfigurationReference = 0E033F0B2D5DB7596748CD4B /* Pods-MippeumCalcuratorRxTests.debug.xcconfig */;
			buildSettings = {
				ALWAYS_EMBED_SWIFT_STANDARD_LIBRARIES = YES;
				BUNDLE_LOADER = "$(TEST_HOST)";
				CODE_SIGN_STYLE = Automatic;
				DEVELOPMENT_TEAM = G67T3826C4;
				INFOPLIST_FILE = MippeumCalcuratorTests/App/Info.plist;
				IPHONEOS_DEPLOYMENT_TARGET = 13.6;
				LD_RUNPATH_SEARCH_PATHS = (
					"$(inherited)",
					"@executable_path/Frameworks",
					"@loader_path/Frameworks",
				);
				PRODUCT_BUNDLE_IDENTIFIER = kr.co.daniel.MippeumCalcuratorTests;
				PRODUCT_NAME = "$(TARGET_NAME)";
				SWIFT_VERSION = 5.0;
				TARGETED_DEVICE_FAMILY = "1,2";
				TEST_HOST = "$(BUILT_PRODUCTS_DIR)/MippeumCalcuratorRx.app/MippeumCalcuratorRx";
			};
			name = Debug;
		};
		64DFF4C324C4BA6C00FF3976 /* Release */ = {
			isa = XCBuildConfiguration;
			baseConfigurationReference = F5368BA7320945113C406341 /* Pods-MippeumCalcuratorRxTests.release.xcconfig */;
			buildSettings = {
				ALWAYS_EMBED_SWIFT_STANDARD_LIBRARIES = YES;
				BUNDLE_LOADER = "$(TEST_HOST)";
				CODE_SIGN_STYLE = Automatic;
				DEVELOPMENT_TEAM = G67T3826C4;
				INFOPLIST_FILE = MippeumCalcuratorTests/App/Info.plist;
				IPHONEOS_DEPLOYMENT_TARGET = 13.6;
				LD_RUNPATH_SEARCH_PATHS = (
					"$(inherited)",
					"@executable_path/Frameworks",
					"@loader_path/Frameworks",
				);
				PRODUCT_BUNDLE_IDENTIFIER = kr.co.daniel.MippeumCalcuratorTests;
				PRODUCT_NAME = "$(TARGET_NAME)";
				SWIFT_VERSION = 5.0;
				TARGETED_DEVICE_FAMILY = "1,2";
				TEST_HOST = "$(BUILT_PRODUCTS_DIR)/MippeumCalcuratorRx.app/MippeumCalcuratorRx";
			};
			name = Release;
		};
		64DFF4C524C4BA6C00FF3976 /* Debug */ = {
			isa = XCBuildConfiguration;
			baseConfigurationReference = 8284D38A9D14393E3F4FE093 /* Pods-MippeumCalcuratorRx-MippeumCalcuratorRxUITests.debug.xcconfig */;
			buildSettings = {
				ALWAYS_EMBED_SWIFT_STANDARD_LIBRARIES = YES;
				CODE_SIGN_STYLE = Automatic;
				DEVELOPMENT_TEAM = G67T3826C4;
				INFOPLIST_FILE = MippeumCalcuratorUITests/App/Info.plist;
				LD_RUNPATH_SEARCH_PATHS = (
					"$(inherited)",
					"@executable_path/Frameworks",
					"@loader_path/Frameworks",
				);
				PRODUCT_BUNDLE_IDENTIFIER = kr.co.daniel.MippeumCalcuratorUITests;
				PRODUCT_NAME = "$(TARGET_NAME)";
				SWIFT_VERSION = 5.0;
				TARGETED_DEVICE_FAMILY = "1,2";
				TEST_TARGET_NAME = MippeumCalcurator;
			};
			name = Debug;
		};
		64DFF4C624C4BA6C00FF3976 /* Release */ = {
			isa = XCBuildConfiguration;
			baseConfigurationReference = EF50AA25380D379D79A67069 /* Pods-MippeumCalcuratorRx-MippeumCalcuratorRxUITests.release.xcconfig */;
			buildSettings = {
				ALWAYS_EMBED_SWIFT_STANDARD_LIBRARIES = YES;
				CODE_SIGN_STYLE = Automatic;
				DEVELOPMENT_TEAM = G67T3826C4;
				INFOPLIST_FILE = MippeumCalcuratorUITests/App/Info.plist;
				LD_RUNPATH_SEARCH_PATHS = (
					"$(inherited)",
					"@executable_path/Frameworks",
					"@loader_path/Frameworks",
				);
				PRODUCT_BUNDLE_IDENTIFIER = kr.co.daniel.MippeumCalcuratorUITests;
				PRODUCT_NAME = "$(TARGET_NAME)";
				SWIFT_VERSION = 5.0;
				TARGETED_DEVICE_FAMILY = "1,2";
				TEST_TARGET_NAME = MippeumCalcurator;
			};
			name = Release;
		};
/* End XCBuildConfiguration section */

/* Begin XCConfigurationList section */
		64DFF48C24C4BA6900FF3976 /* Build configuration list for PBXProject "MippeumCalcuratorRx" */ = {
			isa = XCConfigurationList;
			buildConfigurations = (
				64DFF4BC24C4BA6C00FF3976 /* Debug */,
				64DFF4BD24C4BA6C00FF3976 /* Release */,
			);
			defaultConfigurationIsVisible = 0;
			defaultConfigurationName = Release;
		};
		64DFF4BE24C4BA6C00FF3976 /* Build configuration list for PBXNativeTarget "MippeumCalcuratorRx" */ = {
			isa = XCConfigurationList;
			buildConfigurations = (
				64DFF4BF24C4BA6C00FF3976 /* Debug */,
				64DFF4C024C4BA6C00FF3976 /* Release */,
			);
			defaultConfigurationIsVisible = 0;
			defaultConfigurationName = Release;
		};
		64DFF4C124C4BA6C00FF3976 /* Build configuration list for PBXNativeTarget "MippeumCalcuratorRxTests" */ = {
			isa = XCConfigurationList;
			buildConfigurations = (
				64DFF4C224C4BA6C00FF3976 /* Debug */,
				64DFF4C324C4BA6C00FF3976 /* Release */,
			);
			defaultConfigurationIsVisible = 0;
			defaultConfigurationName = Release;
		};
		64DFF4C424C4BA6C00FF3976 /* Build configuration list for PBXNativeTarget "MippeumCalcuratorRxUITests" */ = {
			isa = XCConfigurationList;
			buildConfigurations = (
				64DFF4C524C4BA6C00FF3976 /* Debug */,
				64DFF4C624C4BA6C00FF3976 /* Release */,
			);
			defaultConfigurationIsVisible = 0;
			defaultConfigurationName = Release;
		};
/* End XCConfigurationList section */

/* Begin XCVersionGroup section */
		64DFF49D24C4BA6900FF3976 /* MippeumCalcurator.xcdatamodeld */ = {
			isa = XCVersionGroup;
			children = (
				64DFF49E24C4BA6900FF3976 /* MippeumCalcurator.xcdatamodel */,
			);
			currentVersion = 64DFF49E24C4BA6900FF3976 /* MippeumCalcurator.xcdatamodel */;
			path = MippeumCalcurator.xcdatamodeld;
			sourceTree = "<group>";
			versionGroupType = wrapper.xcdatamodel;
		};
/* End XCVersionGroup section */
	};
	rootObject = 64DFF48924C4BA6900FF3976 /* Project object */;
}
